
Microsoft Visual Studio Solution File, Format Version 12.00
# Visual Studio Version 17
VisualStudioVersion = 17.14.36705.20
MinimumVisualStudioVersion = 10.0.40219.1
Project("{8BC9CEB8-8B4A-11D0-8D11-00A0C91BC942}") = "VulkanEngine", "VulkanEngine\VulkanEngine.vcxproj", "{D8B2EDDE-2A94-4E4C-B30C-F2ACD27BC061}"
EndProject
Global
	GlobalSection(SolutionConfigurationPlatforms) = preSolution
		Debug|x64 = Debug|x64
		Release|x64 = Release|x64
	EndGlobalSection
	GlobalSection(ProjectConfigurationPlatforms) = postSolution
		{D8B2EDDE-2A94-4E4C-B30C-F2ACD27BC061}.Debug|x64.ActiveCfg = Debug|x64
		{D8B2EDDE-2A94-4E4C-B30C-F2ACD27BC061}.Debug|x64.Build.0 = Debug|x64
		{D8B2EDDE-2A94-4E4C-B30C-F2ACD27BC061}.Release|x64.ActiveCfg = Release|x64
		{D8B2EDDE-2A94-4E4C-B30C-F2ACD27BC061}.Release|x64.Build.0 = Release|x64
	EndGlobalSection
	GlobalSection(SolutionProperties) = preSolution
		HideSolutionNode = FALSE
	EndGlobalSection
	GlobalSection(ExtensibilityGlobals) = postSolution
		SolutionGuid = {A9AB4C06-43FF-408D-A5A7-891960EDAFBE}
	EndGlobalSection
EndGlobal
